
Microsoft Visual Studio Solution File, Format Version 12.00
# Visual Studio 2013
VisualStudioVersion = 12.0.31101.0
MinimumVisualStudioVersion = 10.0.40219.1
Project("{FAE04EC0-301F-11D3-BF4B-00C04F79EFBC}") = "BotExample", "BotExample\BotExample.csproj", "{2BEF7D41-E2E6-48FE-A0A6-2F4688EC3CCA}"
EndProject
Global
	GlobalSection(SolutionConfigurationPlatforms) = preSolution
		Debug|Any CPU = Debug|Any CPU
		Release|Any CPU = Release|Any CPU
	EndGlobalSection
	GlobalSection(ProjectConfigurationPlatforms) = postSolution
		{2BEF7D41-E2E6-48FE-A0A6-2F4688EC3CCA}.Debug|Any CPU.ActiveCfg = Debug|Any CPU
		{2BEF7D41-E2E6-48FE-A0A6-2F4688EC3CCA}.Debug|Any CPU.Build.0 = Debug|Any CPU
		{2BEF7D41-E2E6-48FE-A0A6-2F4688EC3CCA}.Release|Any CPU.ActiveCfg = Release|Any CPU
		{2BEF7D41-E2E6-48FE-A0A6-2F4688EC3CCA}.Release|Any CPU.Build.0 = Release|Any CPU
	EndGlobalSection
	GlobalSection(SolutionProperties) = preSolution
		HideSolutionNode = FALSE
	EndGlobalSection
EndGlobal
